
Microsoft Visual Studio Solution File, Format Version 12.00
# Visual Studio 14
VisualStudioVersion = 14.0.25420.1
MinimumVisualStudioVersion = 10.0.40219.1
Project("{8BC9CEB8-8B4A-11D0-8D11-00A0C91BC942}") = "PhysicsTest", "PhysicsTest\PhysicsTest.vcxproj", "{5B31A7AA-E2EC-4670-BF7A-D05D2B18A76A}"
	ProjectSection(ProjectDependencies) = postProject
		{EF054C93-201B-4807-9285-CABC9C68978A} = {EF054C93-201B-4807-9285-CABC9C68978A}
		{266D30C3-1B54-4344-B2E2-DBF92D972957} = {266D30C3-1B54-4344-B2E2-DBF92D972957}
	EndProjectSection
EndProject
Project("{8BC9CEB8-8B4A-11D0-8D11-00A0C91BC942}") = "Physics", "Physics\Physics.vcxproj", "{266D30C3-1B54-4344-B2E2-DBF92D972957}"
	ProjectSection(ProjectDependencies) = postProject
		{EF054C93-201B-4807-9285-CABC9C68978A} = {EF054C93-201B-4807-9285-CABC9C68978A}
	EndProjectSection
EndProject
Project("{2150E333-8FDC-42A3-9474-1A3956D46DE8}") = "Crystal", "Crystal", "{FFCAA3D2-3DEE-4AC0-AA81-525B7E7B7836}"
EndProject
Project("{8BC9CEB8-8B4A-11D0-8D11-00A0C91BC942}") = "AppBase", "..\Crystal\AppBase\AppBase.vcxproj", "{8BCD40A1-4223-4E7A-A84A-93FBF1B6FFD8}"
	ProjectSection(ProjectDependencies) = postProject
		{227E5411-92CB-4E30-A67B-043D8B04A9BC} = {227E5411-92CB-4E30-A67B-043D8B04A9BC}
		{EF054C93-201B-4807-9285-CABC9C68978A} = {EF054C93-201B-4807-9285-CABC9C68978A}
		{FAC137D1-3997-43DD-BA2A-11EA7355AC6B} = {FAC137D1-3997-43DD-BA2A-11EA7355AC6B}
	EndProjectSection
EndProject
Project("{8BC9CEB8-8B4A-11D0-8D11-00A0C91BC942}") = "PhysicsView", "PhysicsView\PhysicsView.vcxproj", "{90EFBAA8-C060-4FCF-8977-691F6DD1758D}"
	ProjectSection(ProjectDependencies) = postProject
		{227E5411-92CB-4E30-A67B-043D8B04A9BC} = {227E5411-92CB-4E30-A67B-043D8B04A9BC}
		{EF054C93-201B-4807-9285-CABC9C68978A} = {EF054C93-201B-4807-9285-CABC9C68978A}
		{8BCD40A1-4223-4E7A-A84A-93FBF1B6FFD8} = {8BCD40A1-4223-4E7A-A84A-93FBF1B6FFD8}
		{33BDCAB8-A30C-44B1-A93F-1AD3E15461AD} = {33BDCAB8-A30C-44B1-A93F-1AD3E15461AD}
		{266D30C3-1B54-4344-B2E2-DBF92D972957} = {266D30C3-1B54-4344-B2E2-DBF92D972957}
		{198160CC-5ED1-499D-AD45-90DBAC4852F8} = {198160CC-5ED1-499D-AD45-90DBAC4852F8}
		{FAC137D1-3997-43DD-BA2A-11EA7355AC6B} = {FAC137D1-3997-43DD-BA2A-11EA7355AC6B}
	EndProjectSection
EndProject
Project("{8BC9CEB8-8B4A-11D0-8D11-00A0C91BC942}") = "Graphics", "..\Crystal\Graphics\Graphics.vcxproj", "{227E5411-92CB-4E30-A67B-043D8B04A9BC}"
	ProjectSection(ProjectDependencies) = postProject
		{EF054C93-201B-4807-9285-CABC9C68978A} = {EF054C93-201B-4807-9285-CABC9C68978A}
	EndProjectSection
EndProject
Project("{8BC9CEB8-8B4A-11D0-8D11-00A0C91BC942}") = "Shader", "..\Crystal\Shader\Shader.vcxproj", "{33BDCAB8-A30C-44B1-A93F-1AD3E15461AD}"
	ProjectSection(ProjectDependencies) = postProject
		{EF054C93-201B-4807-9285-CABC9C68978A} = {EF054C93-201B-4807-9285-CABC9C68978A}
	EndProjectSection
EndProject
Project("{8BC9CEB8-8B4A-11D0-8D11-00A0C91BC942}") = "UI", "..\Crystal\UI\UI.vcxproj", "{FAC137D1-3997-43DD-BA2A-11EA7355AC6B}"
EndProject
Project("{8BC9CEB8-8B4A-11D0-8D11-00A0C91BC942}") = "IO", "..\Crystal\IO\IO.vcxproj", "{198160CC-5ED1-499D-AD45-90DBAC4852F8}"
EndProject
Project("{8BC9CEB8-8B4A-11D0-8D11-00A0C91BC942}") = "Math", "..\Crystal\Math\Math.vcxproj", "{EF054C93-201B-4807-9285-CABC9C68978A}"
EndProject
Global
	GlobalSection(SolutionConfigurationPlatforms) = preSolution
		Debug|x64 = Debug|x64
		Debug|x86 = Debug|x86
		Release|x64 = Release|x64
		Release|x86 = Release|x86
	EndGlobalSection
	GlobalSection(ProjectConfigurationPlatforms) = postSolution
		{5B31A7AA-E2EC-4670-BF7A-D05D2B18A76A}.Debug|x64.ActiveCfg = Debug|x64
		{5B31A7AA-E2EC-4670-BF7A-D05D2B18A76A}.Debug|x64.Build.0 = Debug|x64
		{5B31A7AA-E2EC-4670-BF7A-D05D2B18A76A}.Debug|x86.ActiveCfg = Debug|Win32
		{5B31A7AA-E2EC-4670-BF7A-D05D2B18A76A}.Debug|x86.Build.0 = Debug|Win32
		{5B31A7AA-E2EC-4670-BF7A-D05D2B18A76A}.Release|x64.ActiveCfg = Release|x64
		{5B31A7AA-E2EC-4670-BF7A-D05D2B18A76A}.Release|x64.Build.0 = Release|x64
		{5B31A7AA-E2EC-4670-BF7A-D05D2B18A76A}.Release|x86.ActiveCfg = Release|Win32
		{5B31A7AA-E2EC-4670-BF7A-D05D2B18A76A}.Release|x86.Build.0 = Release|Win32
		{266D30C3-1B54-4344-B2E2-DBF92D972957}.Debug|x64.ActiveCfg = Debug|x64
		{266D30C3-1B54-4344-B2E2-DBF92D972957}.Debug|x64.Build.0 = Debug|x64
		{266D30C3-1B54-4344-B2E2-DBF92D972957}.Debug|x86.ActiveCfg = Debug|Win32
		{266D30C3-1B54-4344-B2E2-DBF92D972957}.Debug|x86.Build.0 = Debug|Win32
		{266D30C3-1B54-4344-B2E2-DBF92D972957}.Release|x64.ActiveCfg = Release|x64
		{266D30C3-1B54-4344-B2E2-DBF92D972957}.Release|x64.Build.0 = Release|x64
		{266D30C3-1B54-4344-B2E2-DBF92D972957}.Release|x86.ActiveCfg = Release|Win32
		{266D30C3-1B54-4344-B2E2-DBF92D972957}.Release|x86.Build.0 = Release|Win32
		{8BCD40A1-4223-4E7A-A84A-93FBF1B6FFD8}.Debug|x64.ActiveCfg = Debug|x64
		{8BCD40A1-4223-4E7A-A84A-93FBF1B6FFD8}.Debug|x64.Build.0 = Debug|x64
		{8BCD40A1-4223-4E7A-A84A-93FBF1B6FFD8}.Debug|x86.ActiveCfg = Debug|Win32
		{8BCD40A1-4223-4E7A-A84A-93FBF1B6FFD8}.Debug|x86.Build.0 = Debug|Win32
		{8BCD40A1-4223-4E7A-A84A-93FBF1B6FFD8}.Release|x64.ActiveCfg = Release|x64
		{8BCD40A1-4223-4E7A-A84A-93FBF1B6FFD8}.Release|x64.Build.0 = Release|x64
		{8BCD40A1-4223-4E7A-A84A-93FBF1B6FFD8}.Release|x86.ActiveCfg = Release|Win32
		{8BCD40A1-4223-4E7A-A84A-93FBF1B6FFD8}.Release|x86.Build.0 = Release|Win32
		{90EFBAA8-C060-4FCF-8977-691F6DD1758D}.Debug|x64.ActiveCfg = Debug|x64
		{90EFBAA8-C060-4FCF-8977-691F6DD1758D}.Debug|x64.Build.0 = Debug|x64
		{90EFBAA8-C060-4FCF-8977-691F6DD1758D}.Debug|x86.ActiveCfg = Debug|Win32
		{90EFBAA8-C060-4FCF-8977-691F6DD1758D}.Debug|x86.Build.0 = Debug|Win32
		{90EFBAA8-C060-4FCF-8977-691F6DD1758D}.Release|x64.ActiveCfg = Release|x64
		{90EFBAA8-C060-4FCF-8977-691F6DD1758D}.Release|x64.Build.0 = Release|x64
		{90EFBAA8-C060-4FCF-8977-691F6DD1758D}.Release|x86.ActiveCfg = Release|Win32
		{90EFBAA8-C060-4FCF-8977-691F6DD1758D}.Release|x86.Build.0 = Release|Win32
		{227E5411-92CB-4E30-A67B-043D8B04A9BC}.Debug|x64.ActiveCfg = Debug|x64
		{227E5411-92CB-4E30-A67B-043D8B04A9BC}.Debug|x64.Build.0 = Debug|x64
		{227E5411-92CB-4E30-A67B-043D8B04A9BC}.Debug|x86.ActiveCfg = Debug|Win32
		{227E5411-92CB-4E30-A67B-043D8B04A9BC}.Debug|x86.Build.0 = Debug|Win32
		{227E5411-92CB-4E30-A67B-043D8B04A9BC}.Release|x64.ActiveCfg = Release|x64
		{227E5411-92CB-4E30-A67B-043D8B04A9BC}.Release|x64.Build.0 = Release|x64
		{227E5411-92CB-4E30-A67B-043D8B04A9BC}.Release|x86.ActiveCfg = Release|Win32
		{227E5411-92CB-4E30-A67B-043D8B04A9BC}.Release|x86.Build.0 = Release|Win32
		{33BDCAB8-A30C-44B1-A93F-1AD3E15461AD}.Debug|x64.ActiveCfg = Debug|x64
		{33BDCAB8-A30C-44B1-A93F-1AD3E15461AD}.Debug|x64.Build.0 = Debug|x64
		{33BDCAB8-A30C-44B1-A93F-1AD3E15461AD}.Debug|x86.ActiveCfg = Debug|Win32
		{33BDCAB8-A30C-44B1-A93F-1AD3E15461AD}.Debug|x86.Build.0 = Debug|Win32
		{33BDCAB8-A30C-44B1-A93F-1AD3E15461AD}.Release|x64.ActiveCfg = Release|x64
		{33BDCAB8-A30C-44B1-A93F-1AD3E15461AD}.Release|x64.Build.0 = Release|x64
		{33BDCAB8-A30C-44B1-A93F-1AD3E15461AD}.Release|x86.ActiveCfg = Release|Win32
		{33BDCAB8-A30C-44B1-A93F-1AD3E15461AD}.Release|x86.Build.0 = Release|Win32
		{FAC137D1-3997-43DD-BA2A-11EA7355AC6B}.Debug|x64.ActiveCfg = Debug|x64
		{FAC137D1-3997-43DD-BA2A-11EA7355AC6B}.Debug|x64.Build.0 = Debug|x64
		{FAC137D1-3997-43DD-BA2A-11EA7355AC6B}.Debug|x86.ActiveCfg = Debug|Win32
		{FAC137D1-3997-43DD-BA2A-11EA7355AC6B}.Debug|x86.Build.0 = Debug|Win32
		{FAC137D1-3997-43DD-BA2A-11EA7355AC6B}.Release|x64.ActiveCfg = Release|x64
		{FAC137D1-3997-43DD-BA2A-11EA7355AC6B}.Release|x64.Build.0 = Release|x64
		{FAC137D1-3997-43DD-BA2A-11EA7355AC6B}.Release|x86.ActiveCfg = Release|Win32
		{FAC137D1-3997-43DD-BA2A-11EA7355AC6B}.Release|x86.Build.0 = Release|Win32
		{198160CC-5ED1-499D-AD45-90DBAC4852F8}.Debug|x64.ActiveCfg = Debug|x64
		{198160CC-5ED1-499D-AD45-90DBAC4852F8}.Debug|x64.Build.0 = Debug|x64
		{198160CC-5ED1-499D-AD45-90DBAC4852F8}.Debug|x86.ActiveCfg = Debug|Win32
		{198160CC-5ED1-499D-AD45-90DBAC4852F8}.Debug|x86.Build.0 = Debug|Win32
		{198160CC-5ED1-499D-AD45-90DBAC4852F8}.Release|x64.ActiveCfg = Release|x64
		{198160CC-5ED1-499D-AD45-90DBAC4852F8}.Release|x64.Build.0 = Release|x64
		{198160CC-5ED1-499D-AD45-90DBAC4852F8}.Release|x86.ActiveCfg = Release|Win32
		{198160CC-5ED1-499D-AD45-90DBAC4852F8}.Release|x86.Build.0 = Release|Win32
		{EF054C93-201B-4807-9285-CABC9C68978A}.Debug|x64.ActiveCfg = Debug|x64
		{EF054C93-201B-4807-9285-CABC9C68978A}.Debug|x64.Build.0 = Debug|x64
		{EF054C93-201B-4807-9285-CABC9C68978A}.Debug|x86.ActiveCfg = Debug|Win32
		{EF054C93-201B-4807-9285-CABC9C68978A}.Debug|x86.Build.0 = Debug|Win32
		{EF054C93-201B-4807-9285-CABC9C68978A}.Release|x64.ActiveCfg = Release|x64
		{EF054C93-201B-4807-9285-CABC9C68978A}.Release|x64.Build.0 = Release|x64
		{EF054C93-201B-4807-9285-CABC9C68978A}.Release|x86.ActiveCfg = Release|Win32
		{EF054C93-201B-4807-9285-CABC9C68978A}.Release|x86.Build.0 = Release|Win32
	EndGlobalSection
	GlobalSection(SolutionProperties) = preSolution
		HideSolutionNode = FALSE
	EndGlobalSection
	GlobalSection(NestedProjects) = preSolution
		{8BCD40A1-4223-4E7A-A84A-93FBF1B6FFD8} = {FFCAA3D2-3DEE-4AC0-AA81-525B7E7B7836}
		{227E5411-92CB-4E30-A67B-043D8B04A9BC} = {FFCAA3D2-3DEE-4AC0-AA81-525B7E7B7836}
		{33BDCAB8-A30C-44B1-A93F-1AD3E15461AD} = {FFCAA3D2-3DEE-4AC0-AA81-525B7E7B7836}
		{FAC137D1-3997-43DD-BA2A-11EA7355AC6B} = {FFCAA3D2-3DEE-4AC0-AA81-525B7E7B7836}
		{198160CC-5ED1-499D-AD45-90DBAC4852F8} = {FFCAA3D2-3DEE-4AC0-AA81-525B7E7B7836}
		{EF054C93-201B-4807-9285-CABC9C68978A} = {FFCAA3D2-3DEE-4AC0-AA81-525B7E7B7836}
	EndGlobalSection
EndGlobal
