<?xml version="1.0" encoding="utf-8"?>
<Project ToolsVersion="4.0" xmlns="http://schemas.microsoft.com/developer/msbuild/2003">
  <ItemGroup>
    <ClInclude Include="SPHConstant.h" />
    <ClInclude Include="SPHKernel.h" />
    <ClInclude Include="PhysicsObject.h" />
    <ClInclude Include="IndexedFinder.h" />
    <ClInclude Include="IndexedParticle.h" />
    <ClInclude Include="DFSPHSolver.h">
      <Filter>DFSPH</Filter>
    </ClInclude>
    <ClInclude Include="PBSPHParticle.h">
      <Filter>PBSPH</Filter>
    </ClInclude>
    <ClInclude Include="PBSPHBoundarySolver.h">
      <Filter>PBSPH</Filter>
    </ClInclude>
    <ClInclude Include="SPHParticle.h">
      <Filter>STSPH</Filter>
    </ClInclude>
    <ClInclude Include="ParticlePair.h">
      <Filter>STSPH</Filter>
    </ClInclude>
    <ClInclude Include="ISPHSolver.h" />
    <ClInclude Include="STSPHSolver.h">
      <Filter>STSPH</Filter>
    </ClInclude>
    <ClInclude Include="DFSPHParticle.h">
      <Filter>DFSPH</Filter>
    </ClInclude>
    <ClInclude Include="PBSPHSolver.h">
      <Filter>PBSPH</Filter>
    </ClInclude>
    <ClInclude Include="ISPHParticle.h">
      <Filter>Base</Filter>
    </ClInclude>
    <ClInclude Include="BoundarySolver.h">
      <Filter>STSPH</Filter>
    </ClInclude>
  </ItemGroup>
  <ItemGroup>
    <ClCompile Include="SPHKernel.cpp" />
    <ClCompile Include="PhysicsObject.cpp" />
    <ClCompile Include="IndexedFinder.cpp" />
    <ClCompile Include="IndexedParticle.cpp" />
    <ClCompile Include="DFSPHSolver.cpp">
      <Filter>DFSPH</Filter>
    </ClCompile>
    <ClCompile Include="PBSPHParticle.cpp">
      <Filter>PBSPH</Filter>
    </ClCompile>
    <ClCompile Include="PBSPHBoundarySolver.cpp">
      <Filter>PBSPH</Filter>
    </ClCompile>
    <ClCompile Include="SPHParticle.cpp">
      <Filter>STSPH</Filter>
    </ClCompile>
    <ClCompile Include="ParticlePair.cpp">
      <Filter>STSPH</Filter>
    </ClCompile>
    <ClCompile Include="ISPHSolver.cpp" />
    <ClCompile Include="STSPHSolver.cpp">
      <Filter>STSPH</Filter>
    </ClCompile>
    <ClCompile Include="DFSPHParticle.cpp">
      <Filter>DFSPH</Filter>
    </ClCompile>
    <ClCompile Include="PBSPHSolver.cpp">
      <Filter>PBSPH</Filter>
    </ClCompile>
    <ClCompile Include="BoundarySolver.cpp">
      <Filter>STSPH</Filter>
    </ClCompile>
  </ItemGroup>
  <ItemGroup>
    <Filter Include="PBSPH">
      <UniqueIdentifier>{0eb4822d-2c61-4b72-8ef9-62eef8fce4b3}</UniqueIdentifier>
    </Filter>
    <Filter Include="STSPH">
      <UniqueIdentifier>{e8a7e62a-3455-42d0-b17d-98f54fd9a5f3}</UniqueIdentifier>
    </Filter>
    <Filter Include="DFSPH">
      <UniqueIdentifier>{450aecba-d1e0-4714-813f-a323cfc1d522}</UniqueIdentifier>
    </Filter>
    <Filter Include="Base">
      <UniqueIdentifier>{ddfbd6fe-33be-45cc-93bc-2fa82f730e40}</UniqueIdentifier>
    </Filter>
  </ItemGroup>
</Project>